// !$*UTF8*$!
{
	archiveVersion = 1;
	classes = {
	};
	objectVersion = 50;
	objects = {

/* Begin PBXBuildFile section */
		D8D66ABC25FF8D5D0077203C /* AppDelegate.swift in Sources */ = {isa = PBXBuildFile; fileRef = D8D66ABB25FF8D5D0077203C /* AppDelegate.swift */; };
		D8D66ABE25FF8D5D0077203C /* SceneDelegate.swift in Sources */ = {isa = PBXBuildFile; fileRef = D8D66ABD25FF8D5D0077203C /* SceneDelegate.swift */; };
		D8D66AC025FF8D5D0077203C /* ViewController.swift in Sources */ = {isa = PBXBuildFile; fileRef = D8D66ABF25FF8D5D0077203C /* ViewController.swift */; };
		D8D66AC325FF8D5D0077203C /* Main.storyboard in Resources */ = {isa = PBXBuildFile; fileRef = D8D66AC125FF8D5D0077203C /* Main.storyboard */; };
		D8D66AC525FF8D5F0077203C /* Assets.xcassets in Resources */ = {isa = PBXBuildFile; fileRef = D8D66AC425FF8D5F0077203C /* Assets.xcassets */; };
		D8D66AC825FF8D5F0077203C /* LaunchScreen.storyboard in Resources */ = {isa = PBXBuildFile; fileRef = D8D66AC625FF8D5F0077203C /* LaunchScreen.storyboard */; };
		D8D66AD625FF8FAC0077203C /* FoodTableViewController.swift in Sources */ = {isa = PBXBuildFile; fileRef = D8D66AD525FF8FAC0077203C /* FoodTableViewController.swift */; };
		D8D66ADA25FF901B0077203C /* Meal.swift in Sources */ = {isa = PBXBuildFile; fileRef = D8D66AD925FF901B0077203C /* Meal.swift */; };
		D8D66ADD25FF90320077203C /* Food.swift in Sources */ = {isa = PBXBuildFile; fileRef = D8D66ADC25FF90320077203C /* Food.swift */; };
/* End PBXBuildFile section */

/* Begin PBXFileReference section */
		D8D66AB825FF8D5D0077203C /* Meal Tracker.app */ = {isa = PBXFileReference; explicitFileType = wrapper.application; includeInIndex = 0; path = "Meal Tracker.app"; sourceTree = BUILT_PRODUCTS_DIR; };
		D8D66ABB25FF8D5D0077203C /* AppDelegate.swift */ = {isa = PBXFileReference; lastKnownFileType = sourcecode.swift; path = AppDelegate.swift; sourceTree = "<group>"; };
		D8D66ABD25FF8D5D0077203C /* SceneDelegate.swift */ = {isa = PBXFileReference; lastKnownFileType = sourcecode.swift; path = SceneDelegate.swift; sourceTree = "<group>"; };
		D8D66ABF25FF8D5D0077203C /* ViewController.swift */ = {isa = PBXFileReference; lastKnownFileType = sourcecode.swift; path = ViewController.swift; sourceTree = "<group>"; };
		D8D66AC225FF8D5D0077203C /* Base */ = {isa = PBXFileReference; lastKnownFileType = file.storyboard; name = Base; path = Base.lproj/Main.storyboard; sourceTree = "<group>"; };
		D8D66AC425FF8D5F0077203C /* Assets.xcassets */ = {isa = PBXFileReference; lastKnownFileType = folder.assetcatalog; path = Assets.xcassets; sourceTree = "<group>"; };
		D8D66AC725FF8D5F0077203C /* Base */ = {isa = PBXFileReference; lastKnownFileType = file.storyboard; name = Base; path = Base.lproj/LaunchScreen.storyboard; sourceTree = "<group>"; };
		D8D66AC925FF8D5F0077203C /* Info.plist */ = {isa = PBXFileReference; lastKnownFileType = text.plist.xml; path = Info.plist; sourceTree = "<group>"; };
		D8D66AD525FF8FAC0077203C /* FoodTableViewController.swift */ = {isa = PBXFileReference; lastKnownFileType = sourcecode.swift; path = FoodTableViewController.swift; sourceTree = "<group>"; };
		D8D66AD925FF901B0077203C /* Meal.swift */ = {isa = PBXFileReference; lastKnownFileType = sourcecode.swift; path = Meal.swift; sourceTree = "<group>"; };
		D8D66ADC25FF90320077203C /* Food.swift */ = {isa = PBXFileReference; lastKnownFileType = sourcecode.swift; path = Food.swift; sourceTree = "<group>"; };
/* End PBXFileReference section */

/* Begin PBXFrameworksBuildPhase section */
		D8D66AB525FF8D5D0077203C /* Frameworks */ = {
			isa = PBXFrameworksBuildPhase;
			buildActionMask = 2147483647;
			files = (
			);
			runOnlyForDeploymentPostprocessing = 0;
		};
/* End PBXFrameworksBuildPhase section */

/* Begin PBXGroup section */
		D8D66AAF25FF8D5D0077203C = {
			isa = PBXGroup;
			children = (
				D8D66ABA25FF8D5D0077203C /* Meal Tracker */,
				D8D66AB925FF8D5D0077203C /* Products */,
			);
			sourceTree = "<group>";
		};
		D8D66AB925FF8D5D0077203C /* Products */ = {
			isa = PBXGroup;
			children = (
				D8D66AB825FF8D5D0077203C /* Meal Tracker.app */,
			);
			name = Products;
			sourceTree = "<group>";
		};
		D8D66ABA25FF8D5D0077203C /* Meal Tracker */ = {
			isa = PBXGroup;
			children = (
				D8D66ABB25FF8D5D0077203C /* AppDelegate.swift */,
				D8D66ABD25FF8D5D0077203C /* SceneDelegate.swift */,
				D8D66ABF25FF8D5D0077203C /* ViewController.swift */,
				D8D66AC125FF8D5D0077203C /* Main.storyboard */,
				D8D66AD525FF8FAC0077203C /* FoodTableViewController.swift */,
				D8D66AD925FF901B0077203C /* Meal.swift */,
				D8D66ADC25FF90320077203C /* Food.swift */,
				D8D66AC425FF8D5F0077203C /* Assets.xcassets */,
				D8D66AC625FF8D5F0077203C /* LaunchScreen.storyboard */,
				D8D66AC925FF8D5F0077203C /* Info.plist */,
			);
			path = "Meal Tracker";
			sourceTree = "<group>";
		};
/* End PBXGroup section */

/* Begin PBXNativeTarget section */
		D8D66AB725FF8D5D0077203C /* Meal Tracker */ = {
			isa = PBXNativeTarget;
			buildConfigurationList = D8D66ACC25FF8D5F0077203C /* Build configuration list for PBXNativeTarget "Meal Tracker" */;
			buildPhases = (
				D8D66AB425FF8D5D0077203C /* Sources */,
				D8D66AB525FF8D5D0077203C /* Frameworks */,
				D8D66AB625FF8D5D0077203C /* Resources */,
			);
			buildRules = (
			);
			dependencies = (
			);
			name = "Meal Tracker";
			productName = "Meal Tracker";
			productReference = D8D66AB825FF8D5D0077203C /* Meal Tracker.app */;
			productType = "com.apple.product-type.application";
		};
/* End PBXNativeTarget section */

/* Begin PBXProject section */
		D8D66AB025FF8D5D0077203C /* Project object */ = {
			isa = PBXProject;
			attributes = {
				LastSwiftUpdateCheck = 1240;
				LastUpgradeCheck = 1240;
				TargetAttributes = {
					D8D66AB725FF8D5D0077203C = {
						CreatedOnToolsVersion = 12.4;
					};
				};
			};
			buildConfigurationList = D8D66AB325FF8D5D0077203C /* Build configuration list for PBXProject "Meal Tracker" */;
			compatibilityVersion = "Xcode 9.3";
			developmentRegion = en;
			hasScannedForEncodings = 0;
			knownRegions = (
				en,
				Base,
			);
			mainGroup = D8D66AAF25FF8D5D0077203C;
			productRefGroup = D8D66AB925FF8D5D0077203C /* Products */;
			projectDirPath = "";
			projectRoot = "";
			targets = (
				D8D66AB725FF8D5D0077203C /* Meal Tracker */,
			);
		};
/* End PBXProject section */

/* Begin PBXResourcesBuildPhase section */
		D8D66AB625FF8D5D0077203C /* Resources */ = {
			isa = PBXResourcesBuildPhase;
			buildActionMask = 2147483647;
			files = (
				D8D66AC825FF8D5F0077203C /* LaunchScreen.storyboard in Resources */,
				D8D66AC525FF8D5F0077203C /* Assets.xcassets in Resources */,
				D8D66AC325FF8D5D0077203C /* Main.storyboard in Resources */,
			);
			runOnlyForDeploymentPostprocessing = 0;
		};
/* End PBXResourcesBuildPhase section */

/* Begin PBXSourcesBuildPhase section */
		D8D66AB425FF8D5D0077203C /* Sources */ = {
			isa = PBXSourcesBuildPhase;
			buildActionMask = 2147483647;
			files = (
				D8D66ADA25FF901B0077203C /* Meal.swift in Sources */,
				D8D66AC025FF8D5D0077203C /* ViewController.swift in Sources */,
				D8D66ABC25FF8D5D0077203C /* AppDelegate.swift in Sources */,
				D8D66ABE25FF8D5D0077203C /* SceneDelegate.swift in Sources */,
				D8D66AD625FF8FAC0077203C /* FoodTableViewController.swift in Sources */,
				D8D66ADD25FF90320077203C /* Food.swift in Sources */,
			);
			runOnlyForDeploymentPostprocessing = 0;
		};
/* End PBXSourcesBuildPhase section */

/* Begin PBXVariantGroup section */
		D8D66AC125FF8D5D0077203C /* Main.storyboard */ = {
			isa = PBXVariantGroup;
			children = (
				D8D66AC225FF8D5D0077203C /* Base */,
			);
			name = Main.storyboard;
			sourceTree = "<group>";
		};
		D8D66AC625FF8D5F0077203C /* LaunchScreen.storyboard */ = {
			isa = PBXVariantGroup;
			children = (
				D8D66AC725FF8D5F0077203C /* Base */,
			);
			name = LaunchScreen.storyboard;
			sourceTree = "<group>";
		};
/* End PBXVariantGroup section */

/* Begin XCBuildConfiguration section */
		D8D66ACA25FF8D5F0077203C /* Debug */ = {
			isa = XCBuildConfiguration;
			buildSettings = {
				ALWAYS_SEARCH_USER_PATHS = NO;
				CLANG_ANALYZER_NONNULL = YES;
				CLANG_ANALYZER_NUMBER_OBJECT_CONVERSION = YES_AGGRESSIVE;
				CLANG_CXX_LANGUAGE_STANDARD = "gnu++14";
				CLANG_CXX_LIBRARY = "libc++";
				CLANG_ENABLE_MODULES = YES;
				CLANG_ENABLE_OBJC_ARC = YES;
				CLANG_ENABLE_OBJC_WEAK = YES;
				CLANG_WARN_BLOCK_CAPTURE_AUTORELEASING = YES;
				CLANG_WARN_BOOL_CONVERSION = YES;
				CLANG_WARN_COMMA = YES;
				CLANG_WARN_CONSTANT_CONVERSION = YES;
				CLANG_WARN_DEPRECATED_OBJC_IMPLEMENTATIONS = YES;
				CLANG_WARN_DIRECT_OBJC_ISA_USAGE = YES_ERROR;
				CLANG_WARN_DOCUMENTATION_COMMENTS = YES;
				CLANG_WARN_EMPTY_BODY = YES;
				CLANG_WARN_ENUM_CONVERSION = YES;
				CLANG_WARN_INFINITE_RECURSION = YES;
				CLANG_WARN_INT_CONVERSION = YES;
				CLANG_WARN_NON_LITERAL_NULL_CONVERSION = YES;
				CLANG_WARN_OBJC_IMPLICIT_RETAIN_SELF = YES;
				CLANG_WARN_OBJC_LITERAL_CONVERSION = YES;
				CLANG_WARN_OBJC_ROOT_CLASS = YES_ERROR;
				CLANG_WARN_QUOTED_INCLUDE_IN_FRAMEWORK_HEADER = YES;
				CLANG_WARN_RANGE_LOOP_ANALYSIS = YES;
				CLANG_WARN_STRICT_PROTOTYPES = YES;
				CLANG_WARN_SUSPICIOUS_MOVE = YES;
				CLANG_WARN_UNGUARDED_AVAILABILITY = YES_AGGRESSIVE;
				CLANG_WARN_UNREACHABLE_CODE = YES;
				CLANG_WARN__DUPLICATE_METHOD_MATCH = YES;
				COPY_PHASE_STRIP = NO;
				DEBUG_INFORMATION_FORMAT = dwarf;
				ENABLE_STRICT_OBJC_MSGSEND = YES;
				ENABLE_TESTABILITY = YES;
				GCC_C_LANGUAGE_STANDARD = gnu11;
				GCC_DYNAMIC_NO_PIC = NO;
				GCC_NO_COMMON_BLOCKS = YES;
				GCC_OPTIMIZATION_LEVEL = 0;
				GCC_PREPROCESSOR_DEFINITIONS = (
					"DEBUG=1",
					"$(inherited)",
				);
				GCC_WARN_64_TO_32_BIT_CONVERSION = YES;
				GCC_WARN_ABOUT_RETURN_TYPE = YES_ERROR;
				GCC_WARN_UNDECLARED_SELECTOR = YES;
				GCC_WARN_UNINITIALIZED_AUTOS = YES_AGGRESSIVE;
				GCC_WARN_UNUSED_FUNCTION = YES;
				GCC_WARN_UNUSED_VARIABLE = YES;
				IPHONEOS_DEPLOYMENT_TARGET = 14.4;
				MTL_ENABLE_DEBUG_INFO = INCLUDE_SOURCE;
				MTL_FAST_MATH = YES;
				ONLY_ACTIVE_ARCH = YES;
				SDKROOT = iphoneos;
				SWIFT_ACTIVE_COMPILATION_CONDITIONS = DEBUG;
				SWIFT_OPTIMIZATION_LEVEL = "-Onone";
			};
			name = Debug;
		};
		D8D66ACB25FF8D5F0077203C /* Release */ = {
			isa = XCBuildConfiguration;
			buildSettings = {
				ALWAYS_SEARCH_USER_PATHS = NO;
				CLANG_ANALYZER_NONNULL = YES;
				CLANG_ANALYZER_NUMBER_OBJECT_CONVERSION = YES_AGGRESSIVE;
				CLANG_CXX_LANGUAGE_STANDARD = "gnu++14";
				CLANG_CXX_LIBRARY = "libc++";
				CLANG_ENABLE_MODULES = YES;
				CLANG_ENABLE_OBJC_ARC = YES;
				CLANG_ENABLE_OBJC_WEAK = YES;
				CLANG_WARN_BLOCK_CAPTURE_AUTORELEASING = YES;
				CLANG_WARN_BOOL_CONVERSION = YES;
				CLANG_WARN_COMMA = YES;
				CLANG_WARN_CONSTANT_CONVERSION = YES;
				CLANG_WARN_DEPRECATED_OBJC_IMPLEMENTATIONS = YES;
				CLANG_WARN_DIRECT_OBJC_ISA_USAGE = YES_ERROR;
				CLANG_WARN_DOCUMENTATION_COMMENTS = YES;
				CLANG_WARN_EMPTY_BODY = YES;
				CLANG_WARN_ENUM_CONVERSION = YES;
				CLANG_WARN_INFINITE_RECURSION = YES;
				CLANG_WARN_INT_CONVERSION = YES;
				CLANG_WARN_NON_LITERAL_NULL_CONVERSION = YES;
				CLANG_WARN_OBJC_IMPLICIT_RETAIN_SELF = YES;
				CLANG_WARN_OBJC_LITERAL_CONVERSION = YES;
				CLANG_WARN_OBJC_ROOT_CLASS = YES_ERROR;
				CLANG_WARN_QUOTED_INCLUDE_IN_FRAMEWORK_HEADER = YES;
				CLANG_WARN_RANGE_LOOP_ANALYSIS = YES;
				CLANG_WARN_STRICT_PROTOTYPES = YES;
				CLANG_WARN_SUSPICIOUS_MOVE = YES;
				CLANG_WARN_UNGUARDED_AVAILABILITY = YES_AGGRESSIVE;
				CLANG_WARN_UNREACHABLE_CODE = YES;
				CLANG_WARN__DUPLICATE_METHOD_MATCH = YES;
				COPY_PHASE_STRIP = NO;
				DEBUG_INFORMATION_FORMAT = "dwarf-with-dsym";
				ENABLE_NS_ASSERTIONS = NO;
				ENABLE_STRICT_OBJC_MSGSEND = YES;
				GCC_C_LANGUAGE_STANDARD = gnu11;
				GCC_NO_COMMON_BLOCKS = YES;
				GCC_WARN_64_TO_32_BIT_CONVERSION = YES;
				GCC_WARN_ABOUT_RETURN_TYPE = YES_ERROR;
				GCC_WARN_UNDECLARED_SELECTOR = YES;
				GCC_WARN_UNINITIALIZED_AUTOS = YES_AGGRESSIVE;
				GCC_WARN_UNUSED_FUNCTION = YES;
				GCC_WARN_UNUSED_VARIABLE = YES;
				IPHONEOS_DEPLOYMENT_TARGET = 14.4;
				MTL_ENABLE_DEBUG_INFO = NO;
				MTL_FAST_MATH = YES;
				SDKROOT = iphoneos;
				SWIFT_COMPILATION_MODE = wholemodule;
				SWIFT_OPTIMIZATION_LEVEL = "-O";
				VALIDATE_PRODUCT = YES;
			};
			name = Release;
		};
		D8D66ACD25FF8D5F0077203C /* Debug */ = {
			isa = XCBuildConfiguration;
			buildSettings = {
				ASSETCATALOG_COMPILER_APPICON_NAME = AppIcon;
				ASSETCATALOG_COMPILER_GLOBAL_ACCENT_COLOR_NAME = AccentColor;
				CODE_SIGN_STYLE = Automatic;
				DEVELOPMENT_TEAM = 3R3L9P3774;
				INFOPLIST_FILE = "Meal Tracker/Info.plist";
				LD_RUNPATH_SEARCH_PATHS = (
					"$(inherited)",
					"@executable_path/Frameworks",
				);
				PRODUCT_BUNDLE_IDENTIFIER = "freitas.Meal-Tracker";
				PRODUCT_NAME = "$(TARGET_NAME)";
				SWIFT_VERSION = 5.0;
				TARGETED_DEVICE_FAMILY = "1,2";
			};
			name = Debug;
		};
		D8D66ACE25FF8D5F0077203C /* Release */ = {
			isa = XCBuildConfiguration;
			buildSettings = {
				ASSETCATALOG_COMPILER_APPICON_NAME = AppIcon;
				ASSETCATALOG_COMPILER_GLOBAL_ACCENT_COLOR_NAME = AccentColor;
				CODE_SIGN_STYLE = Automatic;
				DEVELOPMENT_TEAM = 3R3L9P3774;
				INFOPLIST_FILE = "Meal Tracker/Info.plist";
				LD_RUNPATH_SEARCH_PATHS = (
					"$(inherited)",
					"@executable_path/Frameworks",
				);
				PRODUCT_BUNDLE_IDENTIFIER = "freitas.Meal-Tracker";
				PRODUCT_NAME = "$(TARGET_NAME)";
				SWIFT_VERSION = 5.0;
				TARGETED_DEVICE_FAMILY = "1,2";
			};
			name = Release;
		};
/* End XCBuildConfiguration section */

/* Begin XCConfigurationList section */
		D8D66AB325FF8D5D0077203C /* Build configuration list for PBXProject "Meal Tracker" */ = {
			isa = XCConfigurationList;
			buildConfigurations = (
				D8D66ACA25FF8D5F0077203C /* Debug */,
				D8D66ACB25FF8D5F0077203C /* Release */,
			);
			defaultConfigurationIsVisible = 0;
			defaultConfigurationName = Release;
		};
		D8D66ACC25FF8D5F0077203C /* Build configuration list for PBXNativeTarget "Meal Tracker" */ = {
			isa = XCConfigurationList;
			buildConfigurations = (
				D8D66ACD25FF8D5F0077203C /* Debug */,
				D8D66ACE25FF8D5F0077203C /* Release */,
			);
			defaultConfigurationIsVisible = 0;
			defaultConfigurationName = Release;
		};
/* End XCConfigurationList section */
	};
	rootObject = D8D66AB025FF8D5D0077203C /* Project object */;
}
